
Microsoft Visual Studio Solution File, Format Version 12.00
# Visual Studio 2013
VisualStudioVersion = 12.0.30723.0
MinimumVisualStudioVersion = 10.0.40219.1
Project("{8BC9CEB8-8B4A-11D0-8D11-00A0C91BC942}") = "ex4.4", "ex4.4\ex4.4.vcxproj", "{C6CCD502-5251-43B2-9FB4-A62D689F2035}"
EndProject
Global
	GlobalSection(SolutionConfigurationPlatforms) = preSolution
		Debug|Win32 = Debug|Win32
		Release|Win32 = Release|Win32
	EndGlobalSection
	GlobalSection(ProjectConfigurationPlatforms) = postSolution
		{C6CCD502-5251-43B2-9FB4-A62D689F2035}.Debug|Win32.ActiveCfg = Debug|Win32
		{C6CCD502-5251-43B2-9FB4-A62D689F2035}.Debug|Win32.Build.0 = Debug|Win32
		{C6CCD502-5251-43B2-9FB4-A62D689F2035}.Release|Win32.ActiveCfg = Release|Win32
		{C6CCD502-5251-43B2-9FB4-A62D689F2035}.Release|Win32.Build.0 = Release|Win32
	EndGlobalSection
	GlobalSection(SolutionProperties) = preSolution
		HideSolutionNode = FALSE
	EndGlobalSection
EndGlobal
